github.com/wxio/goodmod v1.0.0 h1:H2B60ys5NWxB0Lsh41Xh05DKj7FHRrsDGWMg8EifInA=
github.com/wxio/goodmod v1.0.0/go.mod h1:c+WsDauChEvH/xR60IqRsSdRVns9aXiBC8KaEgBqRA8=
github.com/wxio/okmod v1.0.0 h1:V/de6yG8JxQkO5NFdODBUVxxIm59p0PPlopYHYdGuY0=
github.com/wxio/okmod v1.0.0/go.mod h1:/9rkVb5nuY6BFlpccJ2WGtREDA+1hZPw+WEQTV+TPGA=
